
Microsoft Visual Studio Solution File, Format Version 12.00
# Visual Studio Version 17
VisualStudioVersion = 17.2.32519.379
MinimumVisualStudioVersion = 10.0.40219.1
Project("{FAE04EC0-301F-11D3-BF4B-00C04F79EFBC}") = "SuperMarketDBCODING", "SuperMarketDBCODING.csproj", "{06C0407F-07B0-4BAA-8436-17B679BD4722}"
EndProject
Global
	GlobalSection(SolutionConfigurationPlatforms) = preSolution
		Debug|Any CPU = Debug|Any CPU
		Release|Any CPU = Release|Any CPU
	EndGlobalSection
	GlobalSection(ProjectConfigurationPlatforms) = postSolution
		{06C0407F-07B0-4BAA-8436-17B679BD4722}.Debug|Any CPU.ActiveCfg = Debug|Any CPU
		{06C0407F-07B0-4BAA-8436-17B679BD4722}.Debug|Any CPU.Build.0 = Debug|Any CPU
		{06C0407F-07B0-4BAA-8436-17B679BD4722}.Release|Any CPU.ActiveCfg = Release|Any CPU
		{06C0407F-07B0-4BAA-8436-17B679BD4722}.Release|Any CPU.Build.0 = Release|Any CPU
	EndGlobalSection
	GlobalSection(SolutionProperties) = preSolution
		HideSolutionNode = FALSE
	EndGlobalSection
	GlobalSection(ExtensibilityGlobals) = postSolution
		SolutionGuid = {0BF7467F-2429-49CA-99D9-2D14E7927437}
	EndGlobalSection
EndGlobal
